
Microsoft Visual Studio Solution File, Format Version 12.00
# Visual Studio Version 17
VisualStudioVersion = 17.0.31903.59
MinimumVisualStudioVersion = 10.0.40219.1
Project("{FAE04EC0-301F-11D3-BF4B-00C04F79EFBC}") = "LocalStarDefenderBackend", "LocalStarDefenderBackend\LocalStarDefenderBackend.csproj", "{13701D15-C678-4ABE-8280-79C912F92E46}"
EndProject
Project("{FAE04EC0-301F-11D3-BF4B-00C04F79EFBC}") = "StarDefenderTests", "StarDefenderTests\StarDefenderTests.csproj", "{40BEC516-23D6-462A-8917-5466B16E4A02}"
EndProject
Global
	GlobalSection(SolutionConfigurationPlatforms) = preSolution
		Debug|Any CPU = Debug|Any CPU
		Debug|x64 = Debug|x64
		Debug|x86 = Debug|x86
		Release|Any CPU = Release|Any CPU
		Release|x64 = Release|x64
		Release|x86 = Release|x86
	EndGlobalSection
	GlobalSection(ProjectConfigurationPlatforms) = postSolution
		{13701D15-C678-4ABE-8280-79C912F92E46}.Debug|Any CPU.ActiveCfg = Debug|Any CPU
		{13701D15-C678-4ABE-8280-79C912F92E46}.Debug|Any CPU.Build.0 = Debug|Any CPU
		{13701D15-C678-4ABE-8280-79C912F92E46}.Debug|x64.ActiveCfg = Debug|Any CPU
		{13701D15-C678-4ABE-8280-79C912F92E46}.Debug|x64.Build.0 = Debug|Any CPU
		{13701D15-C678-4ABE-8280-79C912F92E46}.Debug|x86.ActiveCfg = Debug|Any CPU
		{13701D15-C678-4ABE-8280-79C912F92E46}.Debug|x86.Build.0 = Debug|Any CPU
		{13701D15-C678-4ABE-8280-79C912F92E46}.Release|Any CPU.ActiveCfg = Release|Any CPU
		{13701D15-C678-4ABE-8280-79C912F92E46}.Release|Any CPU.Build.0 = Release|Any CPU
		{13701D15-C678-4ABE-8280-79C912F92E46}.Release|x64.ActiveCfg = Release|Any CPU
		{13701D15-C678-4ABE-8280-79C912F92E46}.Release|x64.Build.0 = Release|Any CPU
		{13701D15-C678-4ABE-8280-79C912F92E46}.Release|x86.ActiveCfg = Release|Any CPU
		{13701D15-C678-4ABE-8280-79C912F92E46}.Release|x86.Build.0 = Release|Any CPU
		{40BEC516-23D6-462A-8917-5466B16E4A02}.Debug|Any CPU.ActiveCfg = Debug|Any CPU
		{40BEC516-23D6-462A-8917-5466B16E4A02}.Debug|Any CPU.Build.0 = Debug|Any CPU
		{40BEC516-23D6-462A-8917-5466B16E4A02}.Debug|x64.ActiveCfg = Debug|Any CPU
		{40BEC516-23D6-462A-8917-5466B16E4A02}.Debug|x64.Build.0 = Debug|Any CPU
		{40BEC516-23D6-462A-8917-5466B16E4A02}.Debug|x86.ActiveCfg = Debug|Any CPU
		{40BEC516-23D6-462A-8917-5466B16E4A02}.Debug|x86.Build.0 = Debug|Any CPU
		{40BEC516-23D6-462A-8917-5466B16E4A02}.Release|Any CPU.ActiveCfg = Release|Any CPU
		{40BEC516-23D6-462A-8917-5466B16E4A02}.Release|Any CPU.Build.0 = Release|Any CPU
		{40BEC516-23D6-462A-8917-5466B16E4A02}.Release|x64.ActiveCfg = Release|Any CPU
		{40BEC516-23D6-462A-8917-5466B16E4A02}.Release|x64.Build.0 = Release|Any CPU
		{40BEC516-23D6-462A-8917-5466B16E4A02}.Release|x86.ActiveCfg = Release|Any CPU
		{40BEC516-23D6-462A-8917-5466B16E4A02}.Release|x86.Build.0 = Release|Any CPU
	EndGlobalSection
	GlobalSection(SolutionProperties) = preSolution
		HideSolutionNode = FALSE
	EndGlobalSection
EndGlobal
